
Microsoft Visual Studio Solution File, Format Version 12.00
# Visual Studio 15
VisualStudioVersion = 15.0.28307.572
MinimumVisualStudioVersion = 10.0.40219.1
Project("{FAE04EC0-301F-11D3-BF4B-00C04F79EFBC}") = "Git_Test2", "Git_Test2\Git_Test2.csproj", "{FD7C4EBB-5EB2-473B-A03E-28D2238254C9}"
EndProject
Global
	GlobalSection(SolutionConfigurationPlatforms) = preSolution
		Debug|Any CPU = Debug|Any CPU
		Release|Any CPU = Release|Any CPU
	EndGlobalSection
	GlobalSection(ProjectConfigurationPlatforms) = postSolution
		{FD7C4EBB-5EB2-473B-A03E-28D2238254C9}.Debug|Any CPU.ActiveCfg = Debug|Any CPU
		{FD7C4EBB-5EB2-473B-A03E-28D2238254C9}.Debug|Any CPU.Build.0 = Debug|Any CPU
		{FD7C4EBB-5EB2-473B-A03E-28D2238254C9}.Release|Any CPU.ActiveCfg = Release|Any CPU
		{FD7C4EBB-5EB2-473B-A03E-28D2238254C9}.Release|Any CPU.Build.0 = Release|Any CPU
	EndGlobalSection
	GlobalSection(SolutionProperties) = preSolution
		HideSolutionNode = FALSE
	EndGlobalSection
	GlobalSection(ExtensibilityGlobals) = postSolution
		SolutionGuid = {77C63890-8405-4E5D-AA9F-1EC39AE40522}
	EndGlobalSection
EndGlobal
